// !$*UTF8*$!
{
	archiveVersion = 1;
	classes = {
	};
	objectVersion = 50;
	objects = {

/* Begin PBXBuildFile section */
		1EE347642615F6A70028271A /* AppDelegate.swift in Sources */ = {isa = PBXBuildFile; fileRef = 1EE347632615F6A70028271A /* AppDelegate.swift */; };
		1EE3476B2615F6A70028271A /* Main.storyboard in Resources */ = {isa = PBXBuildFile; fileRef = 1EE347692615F6A70028271A /* Main.storyboard */; };
		1EE3476D2615F6A90028271A /* Assets.xcassets in Resources */ = {isa = PBXBuildFile; fileRef = 1EE3476C2615F6A90028271A /* Assets.xcassets */; };
		1EE347702615F6A90028271A /* LaunchScreen.storyboard in Resources */ = {isa = PBXBuildFile; fileRef = 1EE3476E2615F6A90028271A /* LaunchScreen.storyboard */; };
		1EE347CC2616C96A0028271A /* ViewModel.swift in Sources */ = {isa = PBXBuildFile; fileRef = 1EE347CB2616C96A0028271A /* ViewModel.swift */; };
		1EE347E42616E8A50028271A /* SFProDisplay.ttf in Resources */ = {isa = PBXBuildFile; fileRef = 1EE347E32616E8A50028271A /* SFProDisplay.ttf */; };
		B0D01A722616D70E005C0821 /* LoginPasswordVC.swift in Sources */ = {isa = PBXBuildFile; fileRef = B0D01A6D2616D70E005C0821 /* LoginPasswordVC.swift */; };
		B0D01A732616D70E005C0821 /* UserModel.swift in Sources */ = {isa = PBXBuildFile; fileRef = B0D01A702616D70E005C0821 /* UserModel.swift */; };
		B0D01A742616D70E005C0821 /* LoginIdVC.swift in Sources */ = {isa = PBXBuildFile; fileRef = B0D01A712616D70E005C0821 /* LoginIdVC.swift */; };
/* End PBXBuildFile section */

/* Begin PBXFileReference section */
		1EE347602615F6A70028271A /* Nex2Me.app */ = {isa = PBXFileReference; explicitFileType = wrapper.application; includeInIndex = 0; path = Nex2Me.app; sourceTree = BUILT_PRODUCTS_DIR; };
		1EE347632615F6A70028271A /* AppDelegate.swift */ = {isa = PBXFileReference; lastKnownFileType = sourcecode.swift; path = AppDelegate.swift; sourceTree = "<group>"; };
		1EE3476A2615F6A70028271A /* Base */ = {isa = PBXFileReference; lastKnownFileType = file.storyboard; name = Base; path = Base.lproj/Main.storyboard; sourceTree = "<group>"; };
		1EE3476C2615F6A90028271A /* Assets.xcassets */ = {isa = PBXFileReference; lastKnownFileType = folder.assetcatalog; path = Assets.xcassets; sourceTree = "<group>"; };
		1EE3476F2615F6A90028271A /* Base */ = {isa = PBXFileReference; lastKnownFileType = file.storyboard; name = Base; path = Base.lproj/LaunchScreen.storyboard; sourceTree = "<group>"; };
		1EE347712615F6A90028271A /* Info.plist */ = {isa = PBXFileReference; lastKnownFileType = text.plist.xml; path = Info.plist; sourceTree = "<group>"; };
		1EE347CB2616C96A0028271A /* ViewModel.swift */ = {isa = PBXFileReference; lastKnownFileType = sourcecode.swift; path = ViewModel.swift; sourceTree = "<group>"; };
		1EE347E32616E8A50028271A /* SFProDisplay.ttf */ = {isa = PBXFileReference; lastKnownFileType = file; path = SFProDisplay.ttf; sourceTree = "<group>"; };
		B0D01A6D2616D70E005C0821 /* LoginPasswordVC.swift */ = {isa = PBXFileReference; fileEncoding = 4; lastKnownFileType = sourcecode.swift; path = LoginPasswordVC.swift; sourceTree = "<group>"; };
		B0D01A702616D70E005C0821 /* UserModel.swift */ = {isa = PBXFileReference; fileEncoding = 4; lastKnownFileType = sourcecode.swift; path = UserModel.swift; sourceTree = "<group>"; };
		B0D01A712616D70E005C0821 /* LoginIdVC.swift */ = {isa = PBXFileReference; fileEncoding = 4; lastKnownFileType = sourcecode.swift; path = LoginIdVC.swift; sourceTree = "<group>"; };
/* End PBXFileReference section */

/* Begin PBXFrameworksBuildPhase section */
		1EE3475D2615F6A70028271A /* Frameworks */ = {
			isa = PBXFrameworksBuildPhase;
			buildActionMask = 2147483647;
			files = (
			);
			runOnlyForDeploymentPostprocessing = 0;
		};
/* End PBXFrameworksBuildPhase section */

/* Begin PBXGroup section */
		1EE347572615F6A70028271A = {
			isa = PBXGroup;
			children = (
				1EE347622615F6A70028271A /* Nex2Me */,
				1EE347612615F6A70028271A /* Products */,
			);
			sourceTree = "<group>";
		};
		1EE347612615F6A70028271A /* Products */ = {
			isa = PBXGroup;
			children = (
				1EE347602615F6A70028271A /* Nex2Me.app */,
			);
			name = Products;
			sourceTree = "<group>";
		};
		1EE347622615F6A70028271A /* Nex2Me */ = {
			isa = PBXGroup;
			children = (
				1EE347E22616E8900028271A /* Fonts */,
				B0D01A6E2616D70E005C0821 /* Login Classes */,
				B0D01A6C2616D70E005C0821 /* Password Classes */,
				1EE347632615F6A70028271A /* AppDelegate.swift */,
				1EE347692615F6A70028271A /* Main.storyboard */,
				1EE3476C2615F6A90028271A /* Assets.xcassets */,
				1EE3476E2615F6A90028271A /* LaunchScreen.storyboard */,
				1EE347712615F6A90028271A /* Info.plist */,
				1EE347CB2616C96A0028271A /* ViewModel.swift */,
			);
			path = Nex2Me;
			sourceTree = "<group>";
		};
		1EE347E22616E8900028271A /* Fonts */ = {
			isa = PBXGroup;
			children = (
				1EE347E32616E8A50028271A /* SFProDisplay.ttf */,
			);
			path = Fonts;
			sourceTree = "<group>";
		};
		B0D01A6C2616D70E005C0821 /* Password Classes */ = {
			isa = PBXGroup;
			children = (
				B0D01A6D2616D70E005C0821 /* LoginPasswordVC.swift */,
			);
			path = "Password Classes";
			sourceTree = "<group>";
		};
		B0D01A6E2616D70E005C0821 /* Login Classes */ = {
			isa = PBXGroup;
			children = (
				B0D01A6F2616D70E005C0821 /* Model */,
				B0D01A712616D70E005C0821 /* LoginIdVC.swift */,
			);
			path = "Login Classes";
			sourceTree = "<group>";
		};
		B0D01A6F2616D70E005C0821 /* Model */ = {
			isa = PBXGroup;
			children = (
				B0D01A702616D70E005C0821 /* UserModel.swift */,
			);
			path = Model;
			sourceTree = "<group>";
		};
/* End PBXGroup section */

/* Begin PBXNativeTarget section */
		1EE3475F2615F6A70028271A /* Nex2Me */ = {
			isa = PBXNativeTarget;
			buildConfigurationList = 1EE3478A2615F6A90028271A /* Build configuration list for PBXNativeTarget "Nex2Me" */;
			buildPhases = (
				1EE3475C2615F6A70028271A /* Sources */,
				1EE3475D2615F6A70028271A /* Frameworks */,
				1EE3475E2615F6A70028271A /* Resources */,
			);
			buildRules = (
			);
			dependencies = (
			);
			name = Nex2Me;
			productName = Nex2Me;
			productReference = 1EE347602615F6A70028271A /* Nex2Me.app */;
			productType = "com.apple.product-type.application";
		};
/* End PBXNativeTarget section */

/* Begin PBXProject section */
		1EE347582615F6A70028271A /* Project object */ = {
			isa = PBXProject;
			attributes = {
				LastSwiftUpdateCheck = 1240;
				LastUpgradeCheck = 1240;
				TargetAttributes = {
					1EE3475F2615F6A70028271A = {
						CreatedOnToolsVersion = 12.4;
					};
				};
			};
			buildConfigurationList = 1EE3475B2615F6A70028271A /* Build configuration list for PBXProject "Nex2Me" */;
			compatibilityVersion = "Xcode 9.3";
			developmentRegion = en;
			hasScannedForEncodings = 0;
			knownRegions = (
				en,
				Base,
			);
			mainGroup = 1EE347572615F6A70028271A;
			productRefGroup = 1EE347612615F6A70028271A /* Products */;
			projectDirPath = "";
			projectRoot = "";
			targets = (
				1EE3475F2615F6A70028271A /* Nex2Me */,
			);
		};
/* End PBXProject section */

/* Begin PBXResourcesBuildPhase section */
		1EE3475E2615F6A70028271A /* Resources */ = {
			isa = PBXResourcesBuildPhase;
			buildActionMask = 2147483647;
			files = (
				1EE347E42616E8A50028271A /* SFProDisplay.ttf in Resources */,
				1EE347702615F6A90028271A /* LaunchScreen.storyboard in Resources */,
				1EE3476D2615F6A90028271A /* Assets.xcassets in Resources */,
				1EE3476B2615F6A70028271A /* Main.storyboard in Resources */,
			);
			runOnlyForDeploymentPostprocessing = 0;
		};
/* End PBXResourcesBuildPhase section */

/* Begin PBXSourcesBuildPhase section */
		1EE3475C2615F6A70028271A /* Sources */ = {
			isa = PBXSourcesBuildPhase;
			buildActionMask = 2147483647;
			files = (
				1EE347642615F6A70028271A /* AppDelegate.swift in Sources */,
				B0D01A742616D70E005C0821 /* LoginIdVC.swift in Sources */,
				1EE347CC2616C96A0028271A /* ViewModel.swift in Sources */,
				B0D01A732616D70E005C0821 /* UserModel.swift in Sources */,
				B0D01A722616D70E005C0821 /* LoginPasswordVC.swift in Sources */,
			);
			runOnlyForDeploymentPostprocessing = 0;
		};
/* End PBXSourcesBuildPhase section */

/* Begin PBXVariantGroup section */
		1EE347692615F6A70028271A /* Main.storyboard */ = {
			isa = PBXVariantGroup;
			children = (
				1EE3476A2615F6A70028271A /* Base */,
			);
			name = Main.storyboard;
			sourceTree = "<group>";
		};
		1EE3476E2615F6A90028271A /* LaunchScreen.storyboard */ = {
			isa = PBXVariantGroup;
			children = (
				1EE3476F2615F6A90028271A /* Base */,
			);
			name = LaunchScreen.storyboard;
			sourceTree = "<group>";
		};
/* End PBXVariantGroup section */

/* Begin XCBuildConfiguration section */
		1EE347882615F6A90028271A /* Debug */ = {
			isa = XCBuildConfiguration;
			buildSettings = {
				ALWAYS_SEARCH_USER_PATHS = NO;
				CLANG_ANALYZER_NONNULL = YES;
				CLANG_ANALYZER_NUMBER_OBJECT_CONVERSION = YES_AGGRESSIVE;
				CLANG_CXX_LANGUAGE_STANDARD = "gnu++14";
				CLANG_CXX_LIBRARY = "libc++";
				CLANG_ENABLE_MODULES = YES;
				CLANG_ENABLE_OBJC_ARC = YES;
				CLANG_ENABLE_OBJC_WEAK = YES;
				CLANG_WARN_BLOCK_CAPTURE_AUTORELEASING = YES;
				CLANG_WARN_BOOL_CONVERSION = YES;
				CLANG_WARN_COMMA = YES;
				CLANG_WARN_CONSTANT_CONVERSION = YES;
				CLANG_WARN_DEPRECATED_OBJC_IMPLEMENTATIONS = YES;
				CLANG_WARN_DIRECT_OBJC_ISA_USAGE = YES_ERROR;
				CLANG_WARN_DOCUMENTATION_COMMENTS = YES;
				CLANG_WARN_EMPTY_BODY = YES;
				CLANG_WARN_ENUM_CONVERSION = YES;
				CLANG_WARN_INFINITE_RECURSION = YES;
				CLANG_WARN_INT_CONVERSION = YES;
				CLANG_WARN_NON_LITERAL_NULL_CONVERSION = YES;
				CLANG_WARN_OBJC_IMPLICIT_RETAIN_SELF = YES;
				CLANG_WARN_OBJC_LITERAL_CONVERSION = YES;
				CLANG_WARN_OBJC_ROOT_CLASS = YES_ERROR;
				CLANG_WARN_QUOTED_INCLUDE_IN_FRAMEWORK_HEADER = YES;
				CLANG_WARN_RANGE_LOOP_ANALYSIS = YES;
				CLANG_WARN_STRICT_PROTOTYPES = YES;
				CLANG_WARN_SUSPICIOUS_MOVE = YES;
				CLANG_WARN_UNGUARDED_AVAILABILITY = YES_AGGRESSIVE;
				CLANG_WARN_UNREACHABLE_CODE = YES;
				CLANG_WARN__DUPLICATE_METHOD_MATCH = YES;
				COPY_PHASE_STRIP = NO;
				DEBUG_INFORMATION_FORMAT = dwarf;
				ENABLE_STRICT_OBJC_MSGSEND = YES;
				ENABLE_TESTABILITY = YES;
				GCC_C_LANGUAGE_STANDARD = gnu11;
				GCC_DYNAMIC_NO_PIC = NO;
				GCC_NO_COMMON_BLOCKS = YES;
				GCC_OPTIMIZATION_LEVEL = 0;
				GCC_PREPROCESSOR_DEFINITIONS = (
					"DEBUG=1",
					"$(inherited)",
				);
				GCC_WARN_64_TO_32_BIT_CONVERSION = YES;
				GCC_WARN_ABOUT_RETURN_TYPE = YES_ERROR;
				GCC_WARN_UNDECLARED_SELECTOR = YES;
				GCC_WARN_UNINITIALIZED_AUTOS = YES_AGGRESSIVE;
				GCC_WARN_UNUSED_FUNCTION = YES;
				GCC_WARN_UNUSED_VARIABLE = YES;
				IPHONEOS_DEPLOYMENT_TARGET = 14.4;
				MTL_ENABLE_DEBUG_INFO = INCLUDE_SOURCE;
				MTL_FAST_MATH = YES;
				ONLY_ACTIVE_ARCH = YES;
				SDKROOT = iphoneos;
				SWIFT_ACTIVE_COMPILATION_CONDITIONS = DEBUG;
				SWIFT_OPTIMIZATION_LEVEL = "-Onone";
			};
			name = Debug;
		};
		1EE347892615F6A90028271A /* Release */ = {
			isa = XCBuildConfiguration;
			buildSettings = {
				ALWAYS_SEARCH_USER_PATHS = NO;
				CLANG_ANALYZER_NONNULL = YES;
				CLANG_ANALYZER_NUMBER_OBJECT_CONVERSION = YES_AGGRESSIVE;
				CLANG_CXX_LANGUAGE_STANDARD = "gnu++14";
				CLANG_CXX_LIBRARY = "libc++";
				CLANG_ENABLE_MODULES = YES;
				CLANG_ENABLE_OBJC_ARC = YES;
				CLANG_ENABLE_OBJC_WEAK = YES;
				CLANG_WARN_BLOCK_CAPTURE_AUTORELEASING = YES;
				CLANG_WARN_BOOL_CONVERSION = YES;
				CLANG_WARN_COMMA = YES;
				CLANG_WARN_CONSTANT_CONVERSION = YES;
				CLANG_WARN_DEPRECATED_OBJC_IMPLEMENTATIONS = YES;
				CLANG_WARN_DIRECT_OBJC_ISA_USAGE = YES_ERROR;
				CLANG_WARN_DOCUMENTATION_COMMENTS = YES;
				CLANG_WARN_EMPTY_BODY = YES;
				CLANG_WARN_ENUM_CONVERSION = YES;
				CLANG_WARN_INFINITE_RECURSION = YES;
				CLANG_WARN_INT_CONVERSION = YES;
				CLANG_WARN_NON_LITERAL_NULL_CONVERSION = YES;
				CLANG_WARN_OBJC_IMPLICIT_RETAIN_SELF = YES;
				CLANG_WARN_OBJC_LITERAL_CONVERSION = YES;
				CLANG_WARN_OBJC_ROOT_CLASS = YES_ERROR;
				CLANG_WARN_QUOTED_INCLUDE_IN_FRAMEWORK_HEADER = YES;
				CLANG_WARN_RANGE_LOOP_ANALYSIS = YES;
				CLANG_WARN_STRICT_PROTOTYPES = YES;
				CLANG_WARN_SUSPICIOUS_MOVE = YES;
				CLANG_WARN_UNGUARDED_AVAILABILITY = YES_AGGRESSIVE;
				CLANG_WARN_UNREACHABLE_CODE = YES;
				CLANG_WARN__DUPLICATE_METHOD_MATCH = YES;
				COPY_PHASE_STRIP = NO;
				DEBUG_INFORMATION_FORMAT = "dwarf-with-dsym";
				ENABLE_NS_ASSERTIONS = NO;
				ENABLE_STRICT_OBJC_MSGSEND = YES;
				GCC_C_LANGUAGE_STANDARD = gnu11;
				GCC_NO_COMMON_BLOCKS = YES;
				GCC_WARN_64_TO_32_BIT_CONVERSION = YES;
				GCC_WARN_ABOUT_RETURN_TYPE = YES_ERROR;
				GCC_WARN_UNDECLARED_SELECTOR = YES;
				GCC_WARN_UNINITIALIZED_AUTOS = YES_AGGRESSIVE;
				GCC_WARN_UNUSED_FUNCTION = YES;
				GCC_WARN_UNUSED_VARIABLE = YES;
				IPHONEOS_DEPLOYMENT_TARGET = 14.4;
				MTL_ENABLE_DEBUG_INFO = NO;
				MTL_FAST_MATH = YES;
				SDKROOT = iphoneos;
				SWIFT_COMPILATION_MODE = wholemodule;
				SWIFT_OPTIMIZATION_LEVEL = "-O";
				VALIDATE_PRODUCT = YES;
			};
			name = Release;
		};
		1EE3478B2615F6A90028271A /* Debug */ = {
			isa = XCBuildConfiguration;
			buildSettings = {
				ASSETCATALOG_COMPILER_APPICON_NAME = AppIcon;
				ASSETCATALOG_COMPILER_GLOBAL_ACCENT_COLOR_NAME = AccentColor;
				CODE_SIGN_STYLE = Automatic;
				DEVELOPMENT_TEAM = 85VXSULXGL;
				INFOPLIST_FILE = Nex2Me/Info.plist;
				IPHONEOS_DEPLOYMENT_TARGET = 14.1;
				LD_RUNPATH_SEARCH_PATHS = (
					"$(inherited)",
					"@executable_path/Frameworks",
				);
				PRODUCT_BUNDLE_IDENTIFIER = com.nex2me.nextome;
				PRODUCT_NAME = "$(TARGET_NAME)";
				SWIFT_VERSION = 5.0;
				TARGETED_DEVICE_FAMILY = 1;
			};
			name = Debug;
		};
		1EE3478C2615F6A90028271A /* Release */ = {
			isa = XCBuildConfiguration;
			buildSettings = {
				ASSETCATALOG_COMPILER_APPICON_NAME = AppIcon;
				ASSETCATALOG_COMPILER_GLOBAL_ACCENT_COLOR_NAME = AccentColor;
				CODE_SIGN_STYLE = Automatic;
				DEVELOPMENT_TEAM = 85VXSULXGL;
				INFOPLIST_FILE = Nex2Me/Info.plist;
				IPHONEOS_DEPLOYMENT_TARGET = 14.1;
				LD_RUNPATH_SEARCH_PATHS = (
					"$(inherited)",
					"@executable_path/Frameworks",
				);
				PRODUCT_BUNDLE_IDENTIFIER = com.nex2me.nextome;
				PRODUCT_NAME = "$(TARGET_NAME)";
				SWIFT_VERSION = 5.0;
				TARGETED_DEVICE_FAMILY = 1;
			};
			name = Release;
		};
/* End XCBuildConfiguration section */

/* Begin XCConfigurationList section */
		1EE3475B2615F6A70028271A /* Build configuration list for PBXProject "Nex2Me" */ = {
			isa = XCConfigurationList;
			buildConfigurations = (
				1EE347882615F6A90028271A /* Debug */,
				1EE347892615F6A90028271A /* Release */,
			);
			defaultConfigurationIsVisible = 0;
			defaultConfigurationName = Release;
		};
		1EE3478A2615F6A90028271A /* Build configuration list for PBXNativeTarget "Nex2Me" */ = {
			isa = XCConfigurationList;
			buildConfigurations = (
				1EE3478B2615F6A90028271A /* Debug */,
				1EE3478C2615F6A90028271A /* Release */,
			);
			defaultConfigurationIsVisible = 0;
			defaultConfigurationName = Release;
		};
/* End XCConfigurationList section */
	};
	rootObject = 1EE347582615F6A70028271A /* Project object */;
}
